// !$*UTF8*$!
{
	archiveVersion = 1;
	classes = {
	};
	objectVersion = 46;
	objects = {

/* Begin PBXBuildFile section */
		EB1481A915203DC20009AE17 /* FMDatabase.m in Sources */ = {isa = PBXBuildFile; fileRef = EB14819F15203DC20009AE17 /* FMDatabase.m */; };
		EB1481AA15203DC20009AE17 /* FMDatabaseAdditions.m in Sources */ = {isa = PBXBuildFile; fileRef = EB1481A115203DC20009AE17 /* FMDatabaseAdditions.m */; };
		EB1481AB15203DC20009AE17 /* FMDatabasePool.m in Sources */ = {isa = PBXBuildFile; fileRef = EB1481A315203DC20009AE17 /* FMDatabasePool.m */; };
		EB1481AC15203DC20009AE17 /* FMDatabaseQueue.m in Sources */ = {isa = PBXBuildFile; fileRef = EB1481A515203DC20009AE17 /* FMDatabaseQueue.m */; };
		EB1481AE15203DC20009AE17 /* FMResultSet.m in Sources */ = {isa = PBXBuildFile; fileRef = EB1481A815203DC20009AE17 /* FMResultSet.m */; };
		EB1481B0152040BC0009AE17 /* libsqlite3.dylib in Frameworks */ = {isa = PBXBuildFile; fileRef = EB1481AF152040BC0009AE17 /* libsqlite3.dylib */; };
		EB537A611519F85100F990B8 /* ASIAuthenticationDialog.m in Sources */ = {isa = PBXBuildFile; fileRef = EB537A4E1519F85100F990B8 /* ASIAuthenticationDialog.m */; settings = {COMPILER_FLAGS = "-fno-objc-arc"; }; };
		EB537A621519F85100F990B8 /* ASIDataCompressor.m in Sources */ = {isa = PBXBuildFile; fileRef = EB537A511519F85100F990B8 /* ASIDataCompressor.m */; settings = {COMPILER_FLAGS = "-fno-objc-arc"; }; };
		EB537A631519F85100F990B8 /* ASIDataDecompressor.m in Sources */ = {isa = PBXBuildFile; fileRef = EB537A531519F85100F990B8 /* ASIDataDecompressor.m */; settings = {COMPILER_FLAGS = "-fno-objc-arc"; }; };
		EB537A641519F85100F990B8 /* ASIDownloadCache.m in Sources */ = {isa = PBXBuildFile; fileRef = EB537A551519F85100F990B8 /* ASIDownloadCache.m */; settings = {COMPILER_FLAGS = "-fno-objc-arc"; }; };
		EB537A651519F85100F990B8 /* ASIFormDataRequest.m in Sources */ = {isa = PBXBuildFile; fileRef = EB537A571519F85100F990B8 /* ASIFormDataRequest.m */; settings = {COMPILER_FLAGS = "-fno-objc-arc"; }; };
		EB537A661519F85100F990B8 /* ASIHTTPRequest.m in Sources */ = {isa = PBXBuildFile; fileRef = EB537A591519F85100F990B8 /* ASIHTTPRequest.m */; settings = {COMPILER_FLAGS = "-fno-objc-arc"; }; };
		EB537A671519F85100F990B8 /* ASIInputStream.m in Sources */ = {isa = PBXBuildFile; fileRef = EB537A5D1519F85100F990B8 /* ASIInputStream.m */; settings = {COMPILER_FLAGS = "-fno-objc-arc"; }; };
		EB537A681519F85100F990B8 /* ASINetworkQueue.m in Sources */ = {isa = PBXBuildFile; fileRef = EB537A5F1519F85100F990B8 /* ASINetworkQueue.m */; settings = {COMPILER_FLAGS = "-fno-objc-arc"; }; };
		EB537A6B1519F92500F990B8 /* Reachability.m in Sources */ = {isa = PBXBuildFile; fileRef = EB537A6A1519F92500F990B8 /* Reachability.m */; settings = {COMPILER_FLAGS = "-fno-objc-arc"; }; };
		EB537A6D1519FAE200F990B8 /* CFNetwork.framework in Frameworks */ = {isa = PBXBuildFile; fileRef = EB537A6C1519FAE200F990B8 /* CFNetwork.framework */; };
		EB537A6F151A02D100F990B8 /* libz.dylib in Frameworks */ = {isa = PBXBuildFile; fileRef = EB537A6E151A02D100F990B8 /* libz.dylib */; };
		EB537A71151A039400F990B8 /* SystemConfiguration.framework in Frameworks */ = {isa = PBXBuildFile; fileRef = EB537A70151A039400F990B8 /* SystemConfiguration.framework */; };
		EB537A73151A03B100F990B8 /* MobileCoreServices.framework in Frameworks */ = {isa = PBXBuildFile; fileRef = EB537A72151A03B100F990B8 /* MobileCoreServices.framework */; };
		EB537A7D151A0D4C00F990B8 /* JSONKit.m in Sources */ = {isa = PBXBuildFile; fileRef = EB537A7C151A0D4C00F990B8 /* JSONKit.m */; settings = {COMPILER_FLAGS = "-fno-objc-arc"; }; };
		EB537A80151A0E0C00F990B8 /* UserModel.m in Sources */ = {isa = PBXBuildFile; fileRef = EB537A7F151A0E0C00F990B8 /* UserModel.m */; };
		EB537A83151A2B8200F990B8 /* BBSEngineModel.m in Sources */ = {isa = PBXBuildFile; fileRef = EB537A82151A2B8200F990B8 /* BBSEngineModel.m */; };
		EBD05B841519852900E7BB46 /* UIKit.framework in Frameworks */ = {isa = PBXBuildFile; fileRef = EBD05B831519852900E7BB46 /* UIKit.framework */; };
		EBD05B861519852900E7BB46 /* Foundation.framework in Frameworks */ = {isa = PBXBuildFile; fileRef = EBD05B851519852900E7BB46 /* Foundation.framework */; };
		EBD05B881519852900E7BB46 /* CoreGraphics.framework in Frameworks */ = {isa = PBXBuildFile; fileRef = EBD05B871519852900E7BB46 /* CoreGraphics.framework */; };
		EBD05B8E1519852900E7BB46 /* InfoPlist.strings in Resources */ = {isa = PBXBuildFile; fileRef = EBD05B8C1519852900E7BB46 /* InfoPlist.strings */; };
		EBD05B901519852900E7BB46 /* main.m in Sources */ = {isa = PBXBuildFile; fileRef = EBD05B8F1519852900E7BB46 /* main.m */; };
		EBD05B941519852900E7BB46 /* AppDelegate.m in Sources */ = {isa = PBXBuildFile; fileRef = EBD05B931519852900E7BB46 /* AppDelegate.m */; };
		EBD05BA2151985F600E7BB46 /* RootViewController.m in Sources */ = {isa = PBXBuildFile; fileRef = EBD05BA0151985F600E7BB46 /* RootViewController.m */; };
		EBD05BA3151985F600E7BB46 /* RootViewController.xib in Resources */ = {isa = PBXBuildFile; fileRef = EBD05BA1151985F600E7BB46 /* RootViewController.xib */; };
		EBD05BA615198E2500E7BB46 /* Default.png in Resources */ = {isa = PBXBuildFile; fileRef = EBD05BA515198E2500E7BB46 /* Default.png */; };
		EBD05BA815199D7200E7BB46 /* Default@2x.png in Resources */ = {isa = PBXBuildFile; fileRef = EBD05BA715199D7200E7BB46 /* Default@2x.png */; };
/* End PBXBuildFile section */

/* Begin PBXFileReference section */
		EB14819E15203DC20009AE17 /* FMDatabase.h */ = {isa = PBXFileReference; fileEncoding = 4; lastKnownFileType = sourcecode.c.h; path = FMDatabase.h; sourceTree = "<group>"; };
		EB14819F15203DC20009AE17 /* FMDatabase.m */ = {isa = PBXFileReference; fileEncoding = 4; lastKnownFileType = sourcecode.c.objc; path = FMDatabase.m; sourceTree = "<group>"; };
		EB1481A015203DC20009AE17 /* FMDatabaseAdditions.h */ = {isa = PBXFileReference; fileEncoding = 4; lastKnownFileType = sourcecode.c.h; path = FMDatabaseAdditions.h; sourceTree = "<group>"; };
		EB1481A115203DC20009AE17 /* FMDatabaseAdditions.m */ = {isa = PBXFileReference; fileEncoding = 4; lastKnownFileType = sourcecode.c.objc; path = FMDatabaseAdditions.m; sourceTree = "<group>"; };
		EB1481A215203DC20009AE17 /* FMDatabasePool.h */ = {isa = PBXFileReference; fileEncoding = 4; lastKnownFileType = sourcecode.c.h; path = FMDatabasePool.h; sourceTree = "<group>"; };
		EB1481A315203DC20009AE17 /* FMDatabasePool.m */ = {isa = PBXFileReference; fileEncoding = 4; lastKnownFileType = sourcecode.c.objc; path = FMDatabasePool.m; sourceTree = "<group>"; };
		EB1481A415203DC20009AE17 /* FMDatabaseQueue.h */ = {isa = PBXFileReference; fileEncoding = 4; lastKnownFileType = sourcecode.c.h; path = FMDatabaseQueue.h; sourceTree = "<group>"; };
		EB1481A515203DC20009AE17 /* FMDatabaseQueue.m */ = {isa = PBXFileReference; fileEncoding = 4; lastKnownFileType = sourcecode.c.objc; path = FMDatabaseQueue.m; sourceTree = "<group>"; };
		EB1481A615203DC20009AE17 /* fmdb.m */ = {isa = PBXFileReference; fileEncoding = 4; lastKnownFileType = sourcecode.c.objc; path = fmdb.m; sourceTree = "<group>"; };
		EB1481A715203DC20009AE17 /* FMResultSet.h */ = {isa = PBXFileReference; fileEncoding = 4; lastKnownFileType = sourcecode.c.h; path = FMResultSet.h; sourceTree = "<group>"; };
		EB1481A815203DC20009AE17 /* FMResultSet.m */ = {isa = PBXFileReference; fileEncoding = 4; lastKnownFileType = sourcecode.c.objc; path = FMResultSet.m; sourceTree = "<group>"; };
		EB1481AF152040BC0009AE17 /* libsqlite3.dylib */ = {isa = PBXFileReference; lastKnownFileType = "compiled.mach-o.dylib"; name = libsqlite3.dylib; path = usr/lib/libsqlite3.dylib; sourceTree = SDKROOT; };
		EB537A4D1519F85100F990B8 /* ASIAuthenticationDialog.h */ = {isa = PBXFileReference; fileEncoding = 4; lastKnownFileType = sourcecode.c.h; path = ASIAuthenticationDialog.h; sourceTree = "<group>"; };
		EB537A4E1519F85100F990B8 /* ASIAuthenticationDialog.m */ = {isa = PBXFileReference; fileEncoding = 4; lastKnownFileType = sourcecode.c.objc; path = ASIAuthenticationDialog.m; sourceTree = "<group>"; };
		EB537A4F1519F85100F990B8 /* ASICacheDelegate.h */ = {isa = PBXFileReference; fileEncoding = 4; lastKnownFileType = sourcecode.c.h; path = ASICacheDelegate.h; sourceTree = "<group>"; };
		EB537A501519F85100F990B8 /* ASIDataCompressor.h */ = {isa = PBXFileReference; fileEncoding = 4; lastKnownFileType = sourcecode.c.h; path = ASIDataCompressor.h; sourceTree = "<group>"; };
		EB537A511519F85100F990B8 /* ASIDataCompressor.m */ = {isa = PBXFileReference; fileEncoding = 4; lastKnownFileType = sourcecode.c.objc; path = ASIDataCompressor.m; sourceTree = "<group>"; };
		EB537A521519F85100F990B8 /* ASIDataDecompressor.h */ = {isa = PBXFileReference; fileEncoding = 4; lastKnownFileType = sourcecode.c.h; path = ASIDataDecompressor.h; sourceTree = "<group>"; };
		EB537A531519F85100F990B8 /* ASIDataDecompressor.m */ = {isa = PBXFileReference; fileEncoding = 4; lastKnownFileType = sourcecode.c.objc; path = ASIDataDecompressor.m; sourceTree = "<group>"; };
		EB537A541519F85100F990B8 /* ASIDownloadCache.h */ = {isa = PBXFileReference; fileEncoding = 4; lastKnownFileType = sourcecode.c.h; path = ASIDownloadCache.h; sourceTree = "<group>"; };
		EB537A551519F85100F990B8 /* ASIDownloadCache.m */ = {isa = PBXFileReference; fileEncoding = 4; lastKnownFileType = sourcecode.c.objc; path = ASIDownloadCache.m; sourceTree = "<group>"; };
		EB537A561519F85100F990B8 /* ASIFormDataRequest.h */ = {isa = PBXFileReference; fileEncoding = 4; lastKnownFileType = sourcecode.c.h; path = ASIFormDataRequest.h; sourceTree = "<group>"; };
		EB537A571519F85100F990B8 /* ASIFormDataRequest.m */ = {isa = PBXFileReference; fileEncoding = 4; lastKnownFileType = sourcecode.c.objc; path = ASIFormDataRequest.m; sourceTree = "<group>"; };
		EB537A581519F85100F990B8 /* ASIHTTPRequest.h */ = {isa = PBXFileReference; fileEncoding = 4; lastKnownFileType = sourcecode.c.h; path = ASIHTTPRequest.h; sourceTree = "<group>"; };
		EB537A591519F85100F990B8 /* ASIHTTPRequest.m */ = {isa = PBXFileReference; fileEncoding = 4; lastKnownFileType = sourcecode.c.objc; path = ASIHTTPRequest.m; sourceTree = "<group>"; };
		EB537A5A1519F85100F990B8 /* ASIHTTPRequestConfig.h */ = {isa = PBXFileReference; fileEncoding = 4; lastKnownFileType = sourcecode.c.h; path = ASIHTTPRequestConfig.h; sourceTree = "<group>"; };
		EB537A5B1519F85100F990B8 /* ASIHTTPRequestDelegate.h */ = {isa = PBXFileReference; fileEncoding = 4; lastKnownFileType = sourcecode.c.h; path = ASIHTTPRequestDelegate.h; sourceTree = "<group>"; };
		EB537A5C1519F85100F990B8 /* ASIInputStream.h */ = {isa = PBXFileReference; fileEncoding = 4; lastKnownFileType = sourcecode.c.h; path = ASIInputStream.h; sourceTree = "<group>"; };
		EB537A5D1519F85100F990B8 /* ASIInputStream.m */ = {isa = PBXFileReference; fileEncoding = 4; lastKnownFileType = sourcecode.c.objc; path = ASIInputStream.m; sourceTree = "<group>"; };
		EB537A5E1519F85100F990B8 /* ASINetworkQueue.h */ = {isa = PBXFileReference; fileEncoding = 4; lastKnownFileType = sourcecode.c.h; path = ASINetworkQueue.h; sourceTree = "<group>"; };
		EB537A5F1519F85100F990B8 /* ASINetworkQueue.m */ = {isa = PBXFileReference; fileEncoding = 4; lastKnownFileType = sourcecode.c.objc; path = ASINetworkQueue.m; sourceTree = "<group>"; };
		EB537A601519F85100F990B8 /* ASIProgressDelegate.h */ = {isa = PBXFileReference; fileEncoding = 4; lastKnownFileType = sourcecode.c.h; path = ASIProgressDelegate.h; sourceTree = "<group>"; };
		EB537A691519F92500F990B8 /* Reachability.h */ = {isa = PBXFileReference; fileEncoding = 4; lastKnownFileType = sourcecode.c.h; path = Reachability.h; sourceTree = "<group>"; };
		EB537A6A1519F92500F990B8 /* Reachability.m */ = {isa = PBXFileReference; fileEncoding = 4; lastKnownFileType = sourcecode.c.objc; path = Reachability.m; sourceTree = "<group>"; };
		EB537A6C1519FAE200F990B8 /* CFNetwork.framework */ = {isa = PBXFileReference; lastKnownFileType = wrapper.framework; name = CFNetwork.framework; path = System/Library/Frameworks/CFNetwork.framework; sourceTree = SDKROOT; };
		EB537A6E151A02D100F990B8 /* libz.dylib */ = {isa = PBXFileReference; lastKnownFileType = "compiled.mach-o.dylib"; name = libz.dylib; path = usr/lib/libz.dylib; sourceTree = SDKROOT; };
		EB537A70151A039400F990B8 /* SystemConfiguration.framework */ = {isa = PBXFileReference; lastKnownFileType = wrapper.framework; name = SystemConfiguration.framework; path = System/Library/Frameworks/SystemConfiguration.framework; sourceTree = SDKROOT; };
		EB537A72151A03B100F990B8 /* MobileCoreServices.framework */ = {isa = PBXFileReference; lastKnownFileType = wrapper.framework; name = MobileCoreServices.framework; path = System/Library/Frameworks/MobileCoreServices.framework; sourceTree = SDKROOT; };
		EB537A7B151A0D4C00F990B8 /* JSONKit.h */ = {isa = PBXFileReference; fileEncoding = 4; lastKnownFileType = sourcecode.c.h; path = JSONKit.h; sourceTree = "<group>"; };
		EB537A7C151A0D4C00F990B8 /* JSONKit.m */ = {isa = PBXFileReference; fileEncoding = 4; lastKnownFileType = sourcecode.c.objc; path = JSONKit.m; sourceTree = "<group>"; };
		EB537A7E151A0E0C00F990B8 /* UserModel.h */ = {isa = PBXFileReference; fileEncoding = 4; lastKnownFileType = sourcecode.c.h; path = UserModel.h; sourceTree = "<group>"; };
		EB537A7F151A0E0C00F990B8 /* UserModel.m */ = {isa = PBXFileReference; fileEncoding = 4; lastKnownFileType = sourcecode.c.objc; path = UserModel.m; sourceTree = "<group>"; };
		EB537A81151A2B8200F990B8 /* BBSEngineModel.h */ = {isa = PBXFileReference; fileEncoding = 4; lastKnownFileType = sourcecode.c.h; path = BBSEngineModel.h; sourceTree = "<group>"; };
		EB537A82151A2B8200F990B8 /* BBSEngineModel.m */ = {isa = PBXFileReference; fileEncoding = 4; lastKnownFileType = sourcecode.c.objc; path = BBSEngineModel.m; sourceTree = "<group>"; };
		EBD05B7F1519852900E7BB46 /* mobbs.app */ = {isa = PBXFileReference; explicitFileType = wrapper.application; includeInIndex = 0; path = mobbs.app; sourceTree = BUILT_PRODUCTS_DIR; };
		EBD05B831519852900E7BB46 /* UIKit.framework */ = {isa = PBXFileReference; lastKnownFileType = wrapper.framework; name = UIKit.framework; path = System/Library/Frameworks/UIKit.framework; sourceTree = SDKROOT; };
		EBD05B851519852900E7BB46 /* Foundation.framework */ = {isa = PBXFileReference; lastKnownFileType = wrapper.framework; name = Foundation.framework; path = System/Library/Frameworks/Foundation.framework; sourceTree = SDKROOT; };
		EBD05B871519852900E7BB46 /* CoreGraphics.framework */ = {isa = PBXFileReference; lastKnownFileType = wrapper.framework; name = CoreGraphics.framework; path = System/Library/Frameworks/CoreGraphics.framework; sourceTree = SDKROOT; };
		EBD05B8B1519852900E7BB46 /* mobbs-Info.plist */ = {isa = PBXFileReference; lastKnownFileType = text.plist.xml; path = "mobbs-Info.plist"; sourceTree = "<group>"; };
		EBD05B8D1519852900E7BB46 /* en */ = {isa = PBXFileReference; lastKnownFileType = text.plist.strings; name = en; path = en.lproj/InfoPlist.strings; sourceTree = "<group>"; };
		EBD05B8F1519852900E7BB46 /* main.m */ = {isa = PBXFileReference; lastKnownFileType = sourcecode.c.objc; path = main.m; sourceTree = "<group>"; };
		EBD05B911519852900E7BB46 /* mobbs-Prefix.pch */ = {isa = PBXFileReference; lastKnownFileType = sourcecode.c.h; path = "mobbs-Prefix.pch"; sourceTree = "<group>"; };
		EBD05B921519852900E7BB46 /* AppDelegate.h */ = {isa = PBXFileReference; lastKnownFileType = sourcecode.c.h; path = AppDelegate.h; sourceTree = "<group>"; };
		EBD05B931519852900E7BB46 /* AppDelegate.m */ = {isa = PBXFileReference; lastKnownFileType = sourcecode.c.objc; path = AppDelegate.m; sourceTree = "<group>"; };
		EBD05B9F151985F600E7BB46 /* RootViewController.h */ = {isa = PBXFileReference; fileEncoding = 4; lastKnownFileType = sourcecode.c.h; path = RootViewController.h; sourceTree = "<group>"; };
		EBD05BA0151985F600E7BB46 /* RootViewController.m */ = {isa = PBXFileReference; fileEncoding = 4; lastKnownFileType = sourcecode.c.objc; path = RootViewController.m; sourceTree = "<group>"; };
		EBD05BA1151985F600E7BB46 /* RootViewController.xib */ = {isa = PBXFileReference; fileEncoding = 4; lastKnownFileType = file.xib; path = RootViewController.xib; sourceTree = "<group>"; };
		EBD05BA515198E2500E7BB46 /* Default.png */ = {isa = PBXFileReference; lastKnownFileType = image.png; path = Default.png; sourceTree = "<group>"; };
		EBD05BA715199D7200E7BB46 /* Default@2x.png */ = {isa = PBXFileReference; lastKnownFileType = image.png; name = "Default@2x.png"; path = "../Default@2x.png"; sourceTree = "<group>"; };
/* End PBXFileReference section */

/* Begin PBXFrameworksBuildPhase section */
		EBD05B7C1519852900E7BB46 /* Frameworks */ = {
			isa = PBXFrameworksBuildPhase;
			buildActionMask = 2147483647;
			files = (
				EB1481B0152040BC0009AE17 /* libsqlite3.dylib in Frameworks */,
				EB537A73151A03B100F990B8 /* MobileCoreServices.framework in Frameworks */,
				EB537A71151A039400F990B8 /* SystemConfiguration.framework in Frameworks */,
				EB537A6F151A02D100F990B8 /* libz.dylib in Frameworks */,
				EB537A6D1519FAE200F990B8 /* CFNetwork.framework in Frameworks */,
				EBD05B841519852900E7BB46 /* UIKit.framework in Frameworks */,
				EBD05B861519852900E7BB46 /* Foundation.framework in Frameworks */,
				EBD05B881519852900E7BB46 /* CoreGraphics.framework in Frameworks */,
			);
			runOnlyForDeploymentPostprocessing = 0;
		};
/* End PBXFrameworksBuildPhase section */

/* Begin PBXGroup section */
		EB14819C15203AD20009AE17 /* FMDB */ = {
			isa = PBXGroup;
			children = (
				EB14819E15203DC20009AE17 /* FMDatabase.h */,
				EB14819F15203DC20009AE17 /* FMDatabase.m */,
				EB1481A015203DC20009AE17 /* FMDatabaseAdditions.h */,
				EB1481A115203DC20009AE17 /* FMDatabaseAdditions.m */,
				EB1481A215203DC20009AE17 /* FMDatabasePool.h */,
				EB1481A315203DC20009AE17 /* FMDatabasePool.m */,
				EB1481A415203DC20009AE17 /* FMDatabaseQueue.h */,
				EB1481A515203DC20009AE17 /* FMDatabaseQueue.m */,
				EB1481A615203DC20009AE17 /* fmdb.m */,
				EB1481A715203DC20009AE17 /* FMResultSet.h */,
				EB1481A815203DC20009AE17 /* FMResultSet.m */,
			);
			name = FMDB;
			sourceTree = "<group>";
		};
		EB537A4C1519F82400F990B8 /* library */ = {
			isa = PBXGroup;
			children = (
				EB14819C15203AD20009AE17 /* FMDB */,
				EB537A7A151A0D3900F990B8 /* JSON */,
				EB537A79151A0D1600F990B8 /* ASIHTTPRequest */,
			);
			name = library;
			sourceTree = "<group>";
		};
		EB537A79151A0D1600F990B8 /* ASIHTTPRequest */ = {
			isa = PBXGroup;
			children = (
				EB537A691519F92500F990B8 /* Reachability.h */,
				EB537A6A1519F92500F990B8 /* Reachability.m */,
				EB537A4D1519F85100F990B8 /* ASIAuthenticationDialog.h */,
				EB537A4E1519F85100F990B8 /* ASIAuthenticationDialog.m */,
				EB537A4F1519F85100F990B8 /* ASICacheDelegate.h */,
				EB537A501519F85100F990B8 /* ASIDataCompressor.h */,
				EB537A511519F85100F990B8 /* ASIDataCompressor.m */,
				EB537A521519F85100F990B8 /* ASIDataDecompressor.h */,
				EB537A531519F85100F990B8 /* ASIDataDecompressor.m */,
				EB537A541519F85100F990B8 /* ASIDownloadCache.h */,
				EB537A551519F85100F990B8 /* ASIDownloadCache.m */,
				EB537A561519F85100F990B8 /* ASIFormDataRequest.h */,
				EB537A571519F85100F990B8 /* ASIFormDataRequest.m */,
				EB537A581519F85100F990B8 /* ASIHTTPRequest.h */,
				EB537A591519F85100F990B8 /* ASIHTTPRequest.m */,
				EB537A5A1519F85100F990B8 /* ASIHTTPRequestConfig.h */,
				EB537A5B1519F85100F990B8 /* ASIHTTPRequestDelegate.h */,
				EB537A5C1519F85100F990B8 /* ASIInputStream.h */,
				EB537A5D1519F85100F990B8 /* ASIInputStream.m */,
				EB537A601519F85100F990B8 /* ASIProgressDelegate.h */,
				EB537A5E1519F85100F990B8 /* ASINetworkQueue.h */,
				EB537A5F1519F85100F990B8 /* ASINetworkQueue.m */,
			);
			name = ASIHTTPRequest;
			sourceTree = "<group>";
		};
		EB537A7A151A0D3900F990B8 /* JSON */ = {
			isa = PBXGroup;
			children = (
				EB537A7B151A0D4C00F990B8 /* JSONKit.h */,
				EB537A7C151A0D4C00F990B8 /* JSONKit.m */,
			);
			name = JSON;
			sourceTree = "<group>";
		};
		EBD05B741519852900E7BB46 = {
			isa = PBXGroup;
			children = (
				EBD05B891519852900E7BB46 /* mobbs */,
				EBD05B821519852900E7BB46 /* Frameworks */,
				EBD05B801519852900E7BB46 /* Products */,
			);
			sourceTree = "<group>";
		};
		EBD05B801519852900E7BB46 /* Products */ = {
			isa = PBXGroup;
			children = (
				EBD05B7F1519852900E7BB46 /* mobbs.app */,
			);
			name = Products;
			sourceTree = "<group>";
		};
		EBD05B821519852900E7BB46 /* Frameworks */ = {
			isa = PBXGroup;
			children = (
				EB1481AF152040BC0009AE17 /* libsqlite3.dylib */,
				EB537A72151A03B100F990B8 /* MobileCoreServices.framework */,
				EB537A70151A039400F990B8 /* SystemConfiguration.framework */,
				EB537A6E151A02D100F990B8 /* libz.dylib */,
				EB537A6C1519FAE200F990B8 /* CFNetwork.framework */,
				EBD05B831519852900E7BB46 /* UIKit.framework */,
				EBD05B851519852900E7BB46 /* Foundation.framework */,
				EBD05B871519852900E7BB46 /* CoreGraphics.framework */,
			);
			name = Frameworks;
			sourceTree = "<group>";
		};
		EBD05B891519852900E7BB46 /* mobbs */ = {
			isa = PBXGroup;
			children = (
				EBD05BA415198DCC00E7BB46 /* Source */,
				EBD05B9A1519855A00E7BB46 /* Classes */,
				EBD05B921519852900E7BB46 /* AppDelegate.h */,
				EBD05B931519852900E7BB46 /* AppDelegate.m */,
				EBD05B8A1519852900E7BB46 /* Supporting Files */,
			);
			path = mobbs;
			sourceTree = "<group>";
		};
		EBD05B8A1519852900E7BB46 /* Supporting Files */ = {
			isa = PBXGroup;
			children = (
				EBD05B8B1519852900E7BB46 /* mobbs-Info.plist */,
				EBD05B8C1519852900E7BB46 /* InfoPlist.strings */,
				EBD05B8F1519852900E7BB46 /* main.m */,
				EBD05B911519852900E7BB46 /* mobbs-Prefix.pch */,
			);
			name = "Supporting Files";
			sourceTree = "<group>";
		};
		EBD05B9A1519855A00E7BB46 /* Classes */ = {
			isa = PBXGroup;
			children = (
				EB537A4C1519F82400F990B8 /* library */,
				EBD05B9D1519859A00E7BB46 /* view */,
				EBD05B9C1519859300E7BB46 /* model */,
				EBD05B9B1519858A00E7BB46 /* controller */,
			);
			name = Classes;
			sourceTree = "<group>";
		};
		EBD05B9B1519858A00E7BB46 /* controller */ = {
			isa = PBXGroup;
			children = (
				EBD05B9F151985F600E7BB46 /* RootViewController.h */,
				EBD05BA0151985F600E7BB46 /* RootViewController.m */,
				EBD05BA1151985F600E7BB46 /* RootViewController.xib */,
			);
			name = controller;
			sourceTree = "<group>";
		};
		EBD05B9C1519859300E7BB46 /* model */ = {
			isa = PBXGroup;
			children = (
				EB537A7E151A0E0C00F990B8 /* UserModel.h */,
				EB537A7F151A0E0C00F990B8 /* UserModel.m */,
				EB537A81151A2B8200F990B8 /* BBSEngineModel.h */,
				EB537A82151A2B8200F990B8 /* BBSEngineModel.m */,
			);
			name = model;
			sourceTree = "<group>";
		};
		EBD05B9D1519859A00E7BB46 /* view */ = {
			isa = PBXGroup;
			children = (
			);
			name = view;
			sourceTree = "<group>";
		};
		EBD05BA415198DCC00E7BB46 /* Source */ = {
			isa = PBXGroup;
			children = (
				EBD05BA715199D7200E7BB46 /* Default@2x.png */,
				EBD05BA515198E2500E7BB46 /* Default.png */,
			);
			name = Source;
			sourceTree = "<group>";
		};
/* End PBXGroup section */

/* Begin PBXNativeTarget section */
		EBD05B7E1519852900E7BB46 /* mobbs */ = {
			isa = PBXNativeTarget;
			buildConfigurationList = EBD05B971519852900E7BB46 /* Build configuration list for PBXNativeTarget "mobbs" */;
			buildPhases = (
				EBD05B7B1519852900E7BB46 /* Sources */,
				EBD05B7C1519852900E7BB46 /* Frameworks */,
				EBD05B7D1519852900E7BB46 /* Resources */,
			);
			buildRules = (
			);
			dependencies = (
			);
			name = mobbs;
			productName = mobbs;
			productReference = EBD05B7F1519852900E7BB46 /* mobbs.app */;
			productType = "com.apple.product-type.application";
		};
/* End PBXNativeTarget section */

/* Begin PBXProject section */
		EBD05B761519852900E7BB46 /* Project object */ = {
			isa = PBXProject;
			attributes = {
				LastUpgradeCheck = 0430;
			};
			buildConfigurationList = EBD05B791519852900E7BB46 /* Build configuration list for PBXProject "mobbs" */;
			compatibilityVersion = "Xcode 3.2";
			developmentRegion = English;
			hasScannedForEncodings = 0;
			knownRegions = (
				en,
			);
			mainGroup = EBD05B741519852900E7BB46;
			productRefGroup = EBD05B801519852900E7BB46 /* Products */;
			projectDirPath = "";
			projectRoot = "";
			targets = (
				EBD05B7E1519852900E7BB46 /* mobbs */,
			);
		};
/* End PBXProject section */

/* Begin PBXResourcesBuildPhase section */
		EBD05B7D1519852900E7BB46 /* Resources */ = {
			isa = PBXResourcesBuildPhase;
			buildActionMask = 2147483647;
			files = (
				EBD05B8E1519852900E7BB46 /* InfoPlist.strings in Resources */,
				EBD05BA3151985F600E7BB46 /* RootViewController.xib in Resources */,
				EBD05BA615198E2500E7BB46 /* Default.png in Resources */,
				EBD05BA815199D7200E7BB46 /* Default@2x.png in Resources */,
			);
			runOnlyForDeploymentPostprocessing = 0;
		};
/* End PBXResourcesBuildPhase section */

/* Begin PBXSourcesBuildPhase section */
		EBD05B7B1519852900E7BB46 /* Sources */ = {
			isa = PBXSourcesBuildPhase;
			buildActionMask = 2147483647;
			files = (
				EBD05B901519852900E7BB46 /* main.m in Sources */,
				EBD05B941519852900E7BB46 /* AppDelegate.m in Sources */,
				EBD05BA2151985F600E7BB46 /* RootViewController.m in Sources */,
				EB537A611519F85100F990B8 /* ASIAuthenticationDialog.m in Sources */,
				EB537A621519F85100F990B8 /* ASIDataCompressor.m in Sources */,
				EB537A631519F85100F990B8 /* ASIDataDecompressor.m in Sources */,
				EB537A641519F85100F990B8 /* ASIDownloadCache.m in Sources */,
				EB537A651519F85100F990B8 /* ASIFormDataRequest.m in Sources */,
				EB537A661519F85100F990B8 /* ASIHTTPRequest.m in Sources */,
				EB537A671519F85100F990B8 /* ASIInputStream.m in Sources */,
				EB537A681519F85100F990B8 /* ASINetworkQueue.m in Sources */,
				EB537A6B1519F92500F990B8 /* Reachability.m in Sources */,
				EB537A7D151A0D4C00F990B8 /* JSONKit.m in Sources */,
				EB537A80151A0E0C00F990B8 /* UserModel.m in Sources */,
				EB537A83151A2B8200F990B8 /* BBSEngineModel.m in Sources */,
				EB1481A915203DC20009AE17 /* FMDatabase.m in Sources */,
				EB1481AA15203DC20009AE17 /* FMDatabaseAdditions.m in Sources */,
				EB1481AB15203DC20009AE17 /* FMDatabasePool.m in Sources */,
				EB1481AC15203DC20009AE17 /* FMDatabaseQueue.m in Sources */,
				EB1481AE15203DC20009AE17 /* FMResultSet.m in Sources */,
			);
			runOnlyForDeploymentPostprocessing = 0;
		};
/* End PBXSourcesBuildPhase section */

/* Begin PBXVariantGroup section */
		EBD05B8C1519852900E7BB46 /* InfoPlist.strings */ = {
			isa = PBXVariantGroup;
			children = (
				EBD05B8D1519852900E7BB46 /* en */,
			);
			name = InfoPlist.strings;
			sourceTree = "<group>";
		};
/* End PBXVariantGroup section */

/* Begin XCBuildConfiguration section */
		EBD05B951519852900E7BB46 /* Debug */ = {
			isa = XCBuildConfiguration;
			buildSettings = {
				ALWAYS_SEARCH_USER_PATHS = NO;
				ARCHS = "$(ARCHS_STANDARD_32_BIT)";
				CLANG_ENABLE_OBJC_ARC = YES;
				"CODE_SIGN_IDENTITY[sdk=iphoneos*]" = "iPhone Developer";
				COPY_PHASE_STRIP = NO;
				GCC_C_LANGUAGE_STANDARD = gnu99;
				GCC_DYNAMIC_NO_PIC = NO;
				GCC_OPTIMIZATION_LEVEL = 0;
				GCC_PREPROCESSOR_DEFINITIONS = (
					"DEBUG=1",
					"$(inherited)",
				);
				GCC_SYMBOLS_PRIVATE_EXTERN = NO;
				GCC_VERSION = com.apple.compilers.llvm.clang.1_0;
				GCC_WARN_ABOUT_RETURN_TYPE = YES;
				GCC_WARN_UNINITIALIZED_AUTOS = YES;
				GCC_WARN_UNUSED_VARIABLE = YES;
				IPHONEOS_DEPLOYMENT_TARGET = 4.3;
				SDKROOT = iphoneos;
			};
			name = Debug;
		};
		EBD05B961519852900E7BB46 /* Release */ = {
			isa = XCBuildConfiguration;
			buildSettings = {
				ALWAYS_SEARCH_USER_PATHS = NO;
				ARCHS = "$(ARCHS_STANDARD_32_BIT)";
				CLANG_ENABLE_OBJC_ARC = YES;
				"CODE_SIGN_IDENTITY[sdk=iphoneos*]" = "iPhone Developer";
				COPY_PHASE_STRIP = YES;
				GCC_C_LANGUAGE_STANDARD = gnu99;
				GCC_VERSION = com.apple.compilers.llvm.clang.1_0;
				GCC_WARN_ABOUT_RETURN_TYPE = YES;
				GCC_WARN_UNINITIALIZED_AUTOS = YES;
				GCC_WARN_UNUSED_VARIABLE = YES;
				IPHONEOS_DEPLOYMENT_TARGET = 4.3;
				OTHER_CFLAGS = "-DNS_BLOCK_ASSERTIONS=1";
				SDKROOT = iphoneos;
				VALIDATE_PRODUCT = YES;
			};
			name = Release;
		};
		EBD05B981519852900E7BB46 /* Debug */ = {
			isa = XCBuildConfiguration;
			buildSettings = {
				ARCHS = "$(ARCHS_STANDARD_32_BIT)";
				FRAMEWORK_SEARCH_PATHS = "$(inherited)";
				GCC_PRECOMPILE_PREFIX_HEADER = YES;
				GCC_PREFIX_HEADER = "mobbs/mobbs-Prefix.pch";
				INFOPLIST_FILE = "mobbs/mobbs-Info.plist";
				IPHONEOS_DEPLOYMENT_TARGET = 4.3;
				PRODUCT_NAME = "$(TARGET_NAME)";
				WRAPPER_EXTENSION = app;
			};
			name = Debug;
		};
		EBD05B991519852900E7BB46 /* Release */ = {
			isa = XCBuildConfiguration;
			buildSettings = {
				ARCHS = "$(ARCHS_STANDARD_32_BIT)";
				FRAMEWORK_SEARCH_PATHS = "$(inherited)";
				GCC_PRECOMPILE_PREFIX_HEADER = YES;
				GCC_PREFIX_HEADER = "mobbs/mobbs-Prefix.pch";
				INFOPLIST_FILE = "mobbs/mobbs-Info.plist";
				IPHONEOS_DEPLOYMENT_TARGET = 4.3;
				PRODUCT_NAME = "$(TARGET_NAME)";
				WRAPPER_EXTENSION = app;
			};
			name = Release;
		};
/* End XCBuildConfiguration section */

/* Begin XCConfigurationList section */
		EBD05B791519852900E7BB46 /* Build configuration list for PBXProject "mobbs" */ = {
			isa = XCConfigurationList;
			buildConfigurations = (
				EBD05B951519852900E7BB46 /* Debug */,
				EBD05B961519852900E7BB46 /* Release */,
			);
			defaultConfigurationIsVisible = 0;
			defaultConfigurationName = Release;
		};
		EBD05B971519852900E7BB46 /* Build configuration list for PBXNativeTarget "mobbs" */ = {
			isa = XCConfigurationList;
			buildConfigurations = (
				EBD05B981519852900E7BB46 /* Debug */,
				EBD05B991519852900E7BB46 /* Release */,
			);
			defaultConfigurationIsVisible = 0;
			defaultConfigurationName = Release;
		};
/* End XCConfigurationList section */
	};
	rootObject = EBD05B761519852900E7BB46 /* Project object */;
}
